// !$*UTF8*$!
{
	archiveVersion = 1;
	classes = {
	};
	objectVersion = 56;
	objects = {

/* Begin PBXBuildFile section */
		201ABCCD2A95119900A654C2 /* AppDelegate.swift in Sources */ = {isa = PBXBuildFile; fileRef = 201ABCCC2A95119900A654C2 /* AppDelegate.swift */; };
		201ABCCF2A95119900A654C2 /* SceneDelegate.swift in Sources */ = {isa = PBXBuildFile; fileRef = 201ABCCE2A95119900A654C2 /* SceneDelegate.swift */; };
		201ABCD12A95119900A654C2 /* MainViewController.swift in Sources */ = {isa = PBXBuildFile; fileRef = 201ABCD02A95119900A654C2 /* MainViewController.swift */; };
		201ABCD62A95119B00A654C2 /* Assets.xcassets in Resources */ = {isa = PBXBuildFile; fileRef = 201ABCD52A95119B00A654C2 /* Assets.xcassets */; };
		201ABCD92A95119B00A654C2 /* LaunchScreen.storyboard in Resources */ = {isa = PBXBuildFile; fileRef = 201ABCD72A95119B00A654C2 /* LaunchScreen.storyboard */; };
		201ABCE42A951AA600A654C2 /* MainVC+UIConfig.swift in Sources */ = {isa = PBXBuildFile; fileRef = 201ABCE32A951AA600A654C2 /* MainVC+UIConfig.swift */; };
		201ABCE72A951C9700A654C2 /* ImageConstants.swift in Sources */ = {isa = PBXBuildFile; fileRef = 201ABCE62A951C9700A654C2 /* ImageConstants.swift */; };
		201ABCEB2A9522B300A654C2 /* MainVC+Table.swift in Sources */ = {isa = PBXBuildFile; fileRef = 201ABCEA2A9522B300A654C2 /* MainVC+Table.swift */; };
		201ABCED2A952DE300A654C2 /* MainTableCell.swift in Sources */ = {isa = PBXBuildFile; fileRef = 201ABCEC2A952DE300A654C2 /* MainTableCell.swift */; };
		201ABCF22A96044E00A654C2 /* EquipmentViewController.swift in Sources */ = {isa = PBXBuildFile; fileRef = 201ABCF12A96044E00A654C2 /* EquipmentViewController.swift */; };
		201ABCF42A9604F500A654C2 /* EquipmentVC+CollectionView.swift in Sources */ = {isa = PBXBuildFile; fileRef = 201ABCF32A9604F500A654C2 /* EquipmentVC+CollectionView.swift */; };
		201ABCF72A960EC000A654C2 /* MainData.swift in Sources */ = {isa = PBXBuildFile; fileRef = 201ABCF62A960EC000A654C2 /* MainData.swift */; };
		201ABCFA2A96100900A654C2 /* NetworkManager.swift in Sources */ = {isa = PBXBuildFile; fileRef = 201ABCF92A96100900A654C2 /* NetworkManager.swift */; };
		201ABCFD2A96126C00A654C2 /* WarDataErrors.swift in Sources */ = {isa = PBXBuildFile; fileRef = 201ABCFC2A96126C00A654C2 /* WarDataErrors.swift */; };
		201ABD002A9625D200A654C2 /* main.json in Resources */ = {isa = PBXBuildFile; fileRef = 201ABCFF2A9625D200A654C2 /* main.json */; };
		9CE9CB272A9790D5009F1620 /* Resource.swift in Sources */ = {isa = PBXBuildFile; fileRef = 9CE9CB262A9790D5009F1620 /* Resource.swift */; };
		9CE9CB2A2A9791F6009F1620 /* equipment.json in Resources */ = {isa = PBXBuildFile; fileRef = 9CE9CB282A9791F5009F1620 /* equipment.json */; };
		9CE9CB2B2A9791F6009F1620 /* personnel.json in Resources */ = {isa = PBXBuildFile; fileRef = 9CE9CB292A9791F6009F1620 /* personnel.json */; };
/* End PBXBuildFile section */

/* Begin PBXFileReference section */
		201ABCC92A95119900A654C2 /* WarData.app */ = {isa = PBXFileReference; explicitFileType = wrapper.application; includeInIndex = 0; path = WarData.app; sourceTree = BUILT_PRODUCTS_DIR; };
		201ABCCC2A95119900A654C2 /* AppDelegate.swift */ = {isa = PBXFileReference; lastKnownFileType = sourcecode.swift; path = AppDelegate.swift; sourceTree = "<group>"; };
		201ABCCE2A95119900A654C2 /* SceneDelegate.swift */ = {isa = PBXFileReference; lastKnownFileType = sourcecode.swift; path = SceneDelegate.swift; sourceTree = "<group>"; };
		201ABCD02A95119900A654C2 /* MainViewController.swift */ = {isa = PBXFileReference; lastKnownFileType = sourcecode.swift; path = MainViewController.swift; sourceTree = "<group>"; };
		201ABCD52A95119B00A654C2 /* Assets.xcassets */ = {isa = PBXFileReference; lastKnownFileType = folder.assetcatalog; path = Assets.xcassets; sourceTree = "<group>"; };
		201ABCD82A95119B00A654C2 /* Base */ = {isa = PBXFileReference; lastKnownFileType = file.storyboard; name = Base; path = Base.lproj/LaunchScreen.storyboard; sourceTree = "<group>"; };
		201ABCDA2A95119B00A654C2 /* Info.plist */ = {isa = PBXFileReference; lastKnownFileType = text.plist.xml; path = Info.plist; sourceTree = "<group>"; };
		201ABCE32A951AA600A654C2 /* MainVC+UIConfig.swift */ = {isa = PBXFileReference; lastKnownFileType = sourcecode.swift; path = "MainVC+UIConfig.swift"; sourceTree = "<group>"; };
		201ABCE62A951C9700A654C2 /* ImageConstants.swift */ = {isa = PBXFileReference; lastKnownFileType = sourcecode.swift; path = ImageConstants.swift; sourceTree = "<group>"; };
		201ABCEA2A9522B300A654C2 /* MainVC+Table.swift */ = {isa = PBXFileReference; lastKnownFileType = sourcecode.swift; path = "MainVC+Table.swift"; sourceTree = "<group>"; };
		201ABCEC2A952DE300A654C2 /* MainTableCell.swift */ = {isa = PBXFileReference; lastKnownFileType = sourcecode.swift; path = MainTableCell.swift; sourceTree = "<group>"; };
		201ABCF12A96044E00A654C2 /* EquipmentViewController.swift */ = {isa = PBXFileReference; lastKnownFileType = sourcecode.swift; path = EquipmentViewController.swift; sourceTree = "<group>"; };
		201ABCF32A9604F500A654C2 /* EquipmentVC+CollectionView.swift */ = {isa = PBXFileReference; lastKnownFileType = sourcecode.swift; path = "EquipmentVC+CollectionView.swift"; sourceTree = "<group>"; };
		201ABCF62A960EC000A654C2 /* MainData.swift */ = {isa = PBXFileReference; lastKnownFileType = sourcecode.swift; path = MainData.swift; sourceTree = "<group>"; };
		201ABCF92A96100900A654C2 /* NetworkManager.swift */ = {isa = PBXFileReference; lastKnownFileType = sourcecode.swift; path = NetworkManager.swift; sourceTree = "<group>"; };
		201ABCFC2A96126C00A654C2 /* WarDataErrors.swift */ = {isa = PBXFileReference; lastKnownFileType = sourcecode.swift; path = WarDataErrors.swift; sourceTree = "<group>"; };
		201ABCFF2A9625D200A654C2 /* main.json */ = {isa = PBXFileReference; fileEncoding = 4; lastKnownFileType = text.json; path = main.json; sourceTree = "<group>"; };
		9CE9CB262A9790D5009F1620 /* Resource.swift */ = {isa = PBXFileReference; lastKnownFileType = sourcecode.swift; path = Resource.swift; sourceTree = "<group>"; };
		9CE9CB282A9791F5009F1620 /* equipment.json */ = {isa = PBXFileReference; fileEncoding = 4; lastKnownFileType = text.json; path = equipment.json; sourceTree = "<group>"; };
		9CE9CB292A9791F6009F1620 /* personnel.json */ = {isa = PBXFileReference; fileEncoding = 4; lastKnownFileType = text.json; path = personnel.json; sourceTree = "<group>"; };
/* End PBXFileReference section */

/* Begin PBXFrameworksBuildPhase section */
		201ABCC62A95119900A654C2 /* Frameworks */ = {
			isa = PBXFrameworksBuildPhase;
			buildActionMask = 2147483647;
			files = (
			);
			runOnlyForDeploymentPostprocessing = 0;
		};
/* End PBXFrameworksBuildPhase section */

/* Begin PBXGroup section */
		201ABCC02A95119900A654C2 = {
			isa = PBXGroup;
			children = (
				201ABCCB2A95119900A654C2 /* WarData */,
				201ABCCA2A95119900A654C2 /* Products */,
			);
			sourceTree = "<group>";
		};
		201ABCCA2A95119900A654C2 /* Products */ = {
			isa = PBXGroup;
			children = (
				201ABCC92A95119900A654C2 /* WarData.app */,
			);
			name = Products;
			sourceTree = "<group>";
		};
		201ABCCB2A95119900A654C2 /* WarData */ = {
			isa = PBXGroup;
			children = (
				201ABCE02A95140200A654C2 /* Aplication */,
				201ABCE52A951C6A00A654C2 /* Enums */,
				201ABCF52A960E4D00A654C2 /* DataModel */,
				201ABCF82A960FE500A654C2 /* Network */,
				201ABCE12A95143200A654C2 /* Screens */,
				201ABCE22A95148800A654C2 /* Resources */,
			);
			path = WarData;
			sourceTree = "<group>";
		};
		201ABCE02A95140200A654C2 /* Aplication */ = {
			isa = PBXGroup;
			children = (
				201ABCCC2A95119900A654C2 /* AppDelegate.swift */,
				201ABCCE2A95119900A654C2 /* SceneDelegate.swift */,
			);
			path = Aplication;
			sourceTree = "<group>";
		};
		201ABCE12A95143200A654C2 /* Screens */ = {
			isa = PBXGroup;
			children = (
				201ABCE92A95224600A654C2 /* MainScreen */,
				201ABCF02A96035500A654C2 /* EquipmentScreen */,
			);
			path = Screens;
			sourceTree = "<group>";
		};
		201ABCE22A95148800A654C2 /* Resources */ = {
			isa = PBXGroup;
			children = (
				201ABCFE2A96258100A654C2 /* JSON */,
				201ABCD52A95119B00A654C2 /* Assets.xcassets */,
				201ABCD72A95119B00A654C2 /* LaunchScreen.storyboard */,
				201ABCDA2A95119B00A654C2 /* Info.plist */,
			);
			path = Resources;
			sourceTree = "<group>";
		};
		201ABCE52A951C6A00A654C2 /* Enums */ = {
			isa = PBXGroup;
			children = (
				201ABCE62A951C9700A654C2 /* ImageConstants.swift */,
				9CE9CB262A9790D5009F1620 /* Resource.swift */,
				201ABCFC2A96126C00A654C2 /* WarDataErrors.swift */,
			);
			path = Enums;
			sourceTree = "<group>";
		};
		201ABCE92A95224600A654C2 /* MainScreen */ = {
			isa = PBXGroup;
			children = (
				201ABCD02A95119900A654C2 /* MainViewController.swift */,
				201ABCE32A951AA600A654C2 /* MainVC+UIConfig.swift */,
				201ABCEA2A9522B300A654C2 /* MainVC+Table.swift */,
				201ABCEC2A952DE300A654C2 /* MainTableCell.swift */,
			);
			path = MainScreen;
			sourceTree = "<group>";
		};
		201ABCF02A96035500A654C2 /* EquipmentScreen */ = {
			isa = PBXGroup;
			children = (
				201ABCF12A96044E00A654C2 /* EquipmentViewController.swift */,
				201ABCF32A9604F500A654C2 /* EquipmentVC+CollectionView.swift */,
			);
			path = EquipmentScreen;
			sourceTree = "<group>";
		};
		201ABCF52A960E4D00A654C2 /* DataModel */ = {
			isa = PBXGroup;
			children = (
				201ABCF62A960EC000A654C2 /* MainData.swift */,
			);
			path = DataModel;
			sourceTree = "<group>";
		};
		201ABCF82A960FE500A654C2 /* Network */ = {
			isa = PBXGroup;
			children = (
				201ABCF92A96100900A654C2 /* NetworkManager.swift */,
			);
			path = Network;
			sourceTree = "<group>";
		};
		201ABCFE2A96258100A654C2 /* JSON */ = {
			isa = PBXGroup;
			children = (
				9CE9CB282A9791F5009F1620 /* equipment.json */,
				9CE9CB292A9791F6009F1620 /* personnel.json */,
				201ABCFF2A9625D200A654C2 /* main.json */,
			);
			path = JSON;
			sourceTree = "<group>";
		};
/* End PBXGroup section */

/* Begin PBXNativeTarget section */
		201ABCC82A95119900A654C2 /* WarData */ = {
			isa = PBXNativeTarget;
			buildConfigurationList = 201ABCDD2A95119B00A654C2 /* Build configuration list for PBXNativeTarget "WarData" */;
			buildPhases = (
				201ABCC52A95119900A654C2 /* Sources */,
				201ABCC62A95119900A654C2 /* Frameworks */,
				201ABCC72A95119900A654C2 /* Resources */,
			);
			buildRules = (
			);
			dependencies = (
			);
			name = WarData;
			productName = WarData;
			productReference = 201ABCC92A95119900A654C2 /* WarData.app */;
			productType = "com.apple.product-type.application";
		};
/* End PBXNativeTarget section */

/* Begin PBXProject section */
		201ABCC12A95119900A654C2 /* Project object */ = {
			isa = PBXProject;
			attributes = {
				BuildIndependentTargetsInParallel = 1;
				LastSwiftUpdateCheck = 1430;
				LastUpgradeCheck = 1430;
				TargetAttributes = {
					201ABCC82A95119900A654C2 = {
						CreatedOnToolsVersion = 14.3.1;
					};
				};
			};
			buildConfigurationList = 201ABCC42A95119900A654C2 /* Build configuration list for PBXProject "WarData" */;
			compatibilityVersion = "Xcode 14.0";
			developmentRegion = en;
			hasScannedForEncodings = 0;
			knownRegions = (
				en,
				Base,
			);
			mainGroup = 201ABCC02A95119900A654C2;
			productRefGroup = 201ABCCA2A95119900A654C2 /* Products */;
			projectDirPath = "";
			projectRoot = "";
			targets = (
				201ABCC82A95119900A654C2 /* WarData */,
			);
		};
/* End PBXProject section */

/* Begin PBXResourcesBuildPhase section */
		201ABCC72A95119900A654C2 /* Resources */ = {
			isa = PBXResourcesBuildPhase;
			buildActionMask = 2147483647;
			files = (
				9CE9CB2A2A9791F6009F1620 /* equipment.json in Resources */,
				201ABD002A9625D200A654C2 /* main.json in Resources */,
				201ABCD92A95119B00A654C2 /* LaunchScreen.storyboard in Resources */,
				9CE9CB2B2A9791F6009F1620 /* personnel.json in Resources */,
				201ABCD62A95119B00A654C2 /* Assets.xcassets in Resources */,
			);
			runOnlyForDeploymentPostprocessing = 0;
		};
/* End PBXResourcesBuildPhase section */

/* Begin PBXSourcesBuildPhase section */
		201ABCC52A95119900A654C2 /* Sources */ = {
			isa = PBXSourcesBuildPhase;
			buildActionMask = 2147483647;
			files = (
				9CE9CB272A9790D5009F1620 /* Resource.swift in Sources */,
				201ABCF72A960EC000A654C2 /* MainData.swift in Sources */,
				201ABCFD2A96126C00A654C2 /* WarDataErrors.swift in Sources */,
				201ABCF42A9604F500A654C2 /* EquipmentVC+CollectionView.swift in Sources */,
				201ABCD12A95119900A654C2 /* MainViewController.swift in Sources */,
				201ABCE42A951AA600A654C2 /* MainVC+UIConfig.swift in Sources */,
				201ABCFA2A96100900A654C2 /* NetworkManager.swift in Sources */,
				201ABCEB2A9522B300A654C2 /* MainVC+Table.swift in Sources */,
				201ABCE72A951C9700A654C2 /* ImageConstants.swift in Sources */,
				201ABCCD2A95119900A654C2 /* AppDelegate.swift in Sources */,
				201ABCCF2A95119900A654C2 /* SceneDelegate.swift in Sources */,
				201ABCED2A952DE300A654C2 /* MainTableCell.swift in Sources */,
				201ABCF22A96044E00A654C2 /* EquipmentViewController.swift in Sources */,
			);
			runOnlyForDeploymentPostprocessing = 0;
		};
/* End PBXSourcesBuildPhase section */

/* Begin PBXVariantGroup section */
		201ABCD72A95119B00A654C2 /* LaunchScreen.storyboard */ = {
			isa = PBXVariantGroup;
			children = (
				201ABCD82A95119B00A654C2 /* Base */,
			);
			name = LaunchScreen.storyboard;
			sourceTree = "<group>";
		};
/* End PBXVariantGroup section */

/* Begin XCBuildConfiguration section */
		201ABCDB2A95119B00A654C2 /* Debug */ = {
			isa = XCBuildConfiguration;
			buildSettings = {
				ALWAYS_SEARCH_USER_PATHS = NO;
				CLANG_ANALYZER_NONNULL = YES;
				CLANG_ANALYZER_NUMBER_OBJECT_CONVERSION = YES_AGGRESSIVE;
				CLANG_CXX_LANGUAGE_STANDARD = "gnu++20";
				CLANG_ENABLE_MODULES = YES;
				CLANG_ENABLE_OBJC_ARC = YES;
				CLANG_ENABLE_OBJC_WEAK = YES;
				CLANG_WARN_BLOCK_CAPTURE_AUTORELEASING = YES;
				CLANG_WARN_BOOL_CONVERSION = YES;
				CLANG_WARN_COMMA = YES;
				CLANG_WARN_CONSTANT_CONVERSION = YES;
				CLANG_WARN_DEPRECATED_OBJC_IMPLEMENTATIONS = YES;
				CLANG_WARN_DIRECT_OBJC_ISA_USAGE = YES_ERROR;
				CLANG_WARN_DOCUMENTATION_COMMENTS = YES;
				CLANG_WARN_EMPTY_BODY = YES;
				CLANG_WARN_ENUM_CONVERSION = YES;
				CLANG_WARN_INFINITE_RECURSION = YES;
				CLANG_WARN_INT_CONVERSION = YES;
				CLANG_WARN_NON_LITERAL_NULL_CONVERSION = YES;
				CLANG_WARN_OBJC_IMPLICIT_RETAIN_SELF = YES;
				CLANG_WARN_OBJC_LITERAL_CONVERSION = YES;
				CLANG_WARN_OBJC_ROOT_CLASS = YES_ERROR;
				CLANG_WARN_QUOTED_INCLUDE_IN_FRAMEWORK_HEADER = YES;
				CLANG_WARN_RANGE_LOOP_ANALYSIS = YES;
				CLANG_WARN_STRICT_PROTOTYPES = YES;
				CLANG_WARN_SUSPICIOUS_MOVE = YES;
				CLANG_WARN_UNGUARDED_AVAILABILITY = YES_AGGRESSIVE;
				CLANG_WARN_UNREACHABLE_CODE = YES;
				CLANG_WARN__DUPLICATE_METHOD_MATCH = YES;
				COPY_PHASE_STRIP = NO;
				DEBUG_INFORMATION_FORMAT = dwarf;
				ENABLE_STRICT_OBJC_MSGSEND = YES;
				ENABLE_TESTABILITY = YES;
				GCC_C_LANGUAGE_STANDARD = gnu11;
				GCC_DYNAMIC_NO_PIC = NO;
				GCC_NO_COMMON_BLOCKS = YES;
				GCC_OPTIMIZATION_LEVEL = 0;
				GCC_PREPROCESSOR_DEFINITIONS = (
					"DEBUG=1",
					"$(inherited)",
				);
				GCC_WARN_64_TO_32_BIT_CONVERSION = YES;
				GCC_WARN_ABOUT_RETURN_TYPE = YES_ERROR;
				GCC_WARN_UNDECLARED_SELECTOR = YES;
				GCC_WARN_UNINITIALIZED_AUTOS = YES_AGGRESSIVE;
				GCC_WARN_UNUSED_FUNCTION = YES;
				GCC_WARN_UNUSED_VARIABLE = YES;
				IPHONEOS_DEPLOYMENT_TARGET = 16.4;
				MTL_ENABLE_DEBUG_INFO = INCLUDE_SOURCE;
				MTL_FAST_MATH = YES;
				ONLY_ACTIVE_ARCH = YES;
				SDKROOT = iphoneos;
				SWIFT_ACTIVE_COMPILATION_CONDITIONS = DEBUG;
				SWIFT_OPTIMIZATION_LEVEL = "-Onone";
			};
			name = Debug;
		};
		201ABCDC2A95119B00A654C2 /* Release */ = {
			isa = XCBuildConfiguration;
			buildSettings = {
				ALWAYS_SEARCH_USER_PATHS = NO;
				CLANG_ANALYZER_NONNULL = YES;
				CLANG_ANALYZER_NUMBER_OBJECT_CONVERSION = YES_AGGRESSIVE;
				CLANG_CXX_LANGUAGE_STANDARD = "gnu++20";
				CLANG_ENABLE_MODULES = YES;
				CLANG_ENABLE_OBJC_ARC = YES;
				CLANG_ENABLE_OBJC_WEAK = YES;
				CLANG_WARN_BLOCK_CAPTURE_AUTORELEASING = YES;
				CLANG_WARN_BOOL_CONVERSION = YES;
				CLANG_WARN_COMMA = YES;
				CLANG_WARN_CONSTANT_CONVERSION = YES;
				CLANG_WARN_DEPRECATED_OBJC_IMPLEMENTATIONS = YES;
				CLANG_WARN_DIRECT_OBJC_ISA_USAGE = YES_ERROR;
				CLANG_WARN_DOCUMENTATION_COMMENTS = YES;
				CLANG_WARN_EMPTY_BODY = YES;
				CLANG_WARN_ENUM_CONVERSION = YES;
				CLANG_WARN_INFINITE_RECURSION = YES;
				CLANG_WARN_INT_CONVERSION = YES;
				CLANG_WARN_NON_LITERAL_NULL_CONVERSION = YES;
				CLANG_WARN_OBJC_IMPLICIT_RETAIN_SELF = YES;
				CLANG_WARN_OBJC_LITERAL_CONVERSION = YES;
				CLANG_WARN_OBJC_ROOT_CLASS = YES_ERROR;
				CLANG_WARN_QUOTED_INCLUDE_IN_FRAMEWORK_HEADER = YES;
				CLANG_WARN_RANGE_LOOP_ANALYSIS = YES;
				CLANG_WARN_STRICT_PROTOTYPES = YES;
				CLANG_WARN_SUSPICIOUS_MOVE = YES;
				CLANG_WARN_UNGUARDED_AVAILABILITY = YES_AGGRESSIVE;
				CLANG_WARN_UNREACHABLE_CODE = YES;
				CLANG_WARN__DUPLICATE_METHOD_MATCH = YES;
				COPY_PHASE_STRIP = NO;
				DEBUG_INFORMATION_FORMAT = "dwarf-with-dsym";
				ENABLE_NS_ASSERTIONS = NO;
				ENABLE_STRICT_OBJC_MSGSEND = YES;
				GCC_C_LANGUAGE_STANDARD = gnu11;
				GCC_NO_COMMON_BLOCKS = YES;
				GCC_WARN_64_TO_32_BIT_CONVERSION = YES;
				GCC_WARN_ABOUT_RETURN_TYPE = YES_ERROR;
				GCC_WARN_UNDECLARED_SELECTOR = YES;
				GCC_WARN_UNINITIALIZED_AUTOS = YES_AGGRESSIVE;
				GCC_WARN_UNUSED_FUNCTION = YES;
				GCC_WARN_UNUSED_VARIABLE = YES;
				IPHONEOS_DEPLOYMENT_TARGET = 16.4;
				MTL_ENABLE_DEBUG_INFO = NO;
				MTL_FAST_MATH = YES;
				SDKROOT = iphoneos;
				SWIFT_COMPILATION_MODE = wholemodule;
				SWIFT_OPTIMIZATION_LEVEL = "-O";
				VALIDATE_PRODUCT = YES;
			};
			name = Release;
		};
		201ABCDE2A95119B00A654C2 /* Debug */ = {
			isa = XCBuildConfiguration;
			buildSettings = {
				ASSETCATALOG_COMPILER_APPICON_NAME = AppIcon;
				ASSETCATALOG_COMPILER_GLOBAL_ACCENT_COLOR_NAME = AccentColor;
				CODE_SIGN_STYLE = Automatic;
				CURRENT_PROJECT_VERSION = 1;
				GENERATE_INFOPLIST_FILE = YES;
				INFOPLIST_FILE = WarData/Resources/Info.plist;
				INFOPLIST_KEY_UIApplicationSupportsIndirectInputEvents = YES;
				INFOPLIST_KEY_UILaunchStoryboardName = LaunchScreen;
				INFOPLIST_KEY_UISupportedInterfaceOrientations_iPad = "UIInterfaceOrientationPortrait UIInterfaceOrientationPortraitUpsideDown UIInterfaceOrientationLandscapeLeft UIInterfaceOrientationLandscapeRight";
				INFOPLIST_KEY_UISupportedInterfaceOrientations_iPhone = "UIInterfaceOrientationPortrait UIInterfaceOrientationLandscapeLeft UIInterfaceOrientationLandscapeRight";
				LD_RUNPATH_SEARCH_PATHS = (
					"$(inherited)",
					"@executable_path/Frameworks",
				);
				MARKETING_VERSION = 1.0;
				PRODUCT_BUNDLE_IDENTIFIER = sova.WarData;
				PRODUCT_NAME = "$(TARGET_NAME)";
				SWIFT_EMIT_LOC_STRINGS = YES;
				SWIFT_VERSION = 5.0;
				TARGETED_DEVICE_FAMILY = "1,2";
			};
			name = Debug;
		};
		201ABCDF2A95119B00A654C2 /* Release */ = {
			isa = XCBuildConfiguration;
			buildSettings = {
				ASSETCATALOG_COMPILER_APPICON_NAME = AppIcon;
				ASSETCATALOG_COMPILER_GLOBAL_ACCENT_COLOR_NAME = AccentColor;
				CODE_SIGN_STYLE = Automatic;
				CURRENT_PROJECT_VERSION = 1;
				GENERATE_INFOPLIST_FILE = YES;
				INFOPLIST_FILE = WarData/Resources/Info.plist;
				INFOPLIST_KEY_UIApplicationSupportsIndirectInputEvents = YES;
				INFOPLIST_KEY_UILaunchStoryboardName = LaunchScreen;
				INFOPLIST_KEY_UISupportedInterfaceOrientations_iPad = "UIInterfaceOrientationPortrait UIInterfaceOrientationPortraitUpsideDown UIInterfaceOrientationLandscapeLeft UIInterfaceOrientationLandscapeRight";
				INFOPLIST_KEY_UISupportedInterfaceOrientations_iPhone = "UIInterfaceOrientationPortrait UIInterfaceOrientationLandscapeLeft UIInterfaceOrientationLandscapeRight";
				LD_RUNPATH_SEARCH_PATHS = (
					"$(inherited)",
					"@executable_path/Frameworks",
				);
				MARKETING_VERSION = 1.0;
				PRODUCT_BUNDLE_IDENTIFIER = sova.WarData;
				PRODUCT_NAME = "$(TARGET_NAME)";
				SWIFT_EMIT_LOC_STRINGS = YES;
				SWIFT_VERSION = 5.0;
				TARGETED_DEVICE_FAMILY = "1,2";
			};
			name = Release;
		};
/* End XCBuildConfiguration section */

/* Begin XCConfigurationList section */
		201ABCC42A95119900A654C2 /* Build configuration list for PBXProject "WarData" */ = {
			isa = XCConfigurationList;
			buildConfigurations = (
				201ABCDB2A95119B00A654C2 /* Debug */,
				201ABCDC2A95119B00A654C2 /* Release */,
			);
			defaultConfigurationIsVisible = 0;
			defaultConfigurationName = Release;
		};
		201ABCDD2A95119B00A654C2 /* Build configuration list for PBXNativeTarget "WarData" */ = {
			isa = XCConfigurationList;
			buildConfigurations = (
				201ABCDE2A95119B00A654C2 /* Debug */,
				201ABCDF2A95119B00A654C2 /* Release */,
			);
			defaultConfigurationIsVisible = 0;
			defaultConfigurationName = Release;
		};
/* End XCConfigurationList section */
	};
	rootObject = 201ABCC12A95119900A654C2 /* Project object */;
}
